# THIS IS AN AUTOGENERATED FILE. DO NOT EDIT THIS FILE DIRECTLY.
# yarn lockfile v1


"big.js@^5.2.2":
  "integrity" "sha512-vyL2OymJxmarO8gxMr0mhChsO9QGwhynfuu4+MHTAW6czfq9humCB7rKpUjDd9YUiDPU4mzpyupFSvOClAwbmQ=="
  "resolved" "https://registry.npmjs.org/big.js/-/big.js-5.2.2.tgz"
  "version" "5.2.2"

"he-date@^1.2.2":
  "integrity" "sha512-W7YetxS2jkehJDmtCC0cpXNHvKINHpUQy3BS+oUYDcP16tsM1PIAwRY9r7Ct5yJPVaPWoEQWfQxo6Nrfv5Unuw=="
  "resolved" "https://registry.npmjs.org/he-date/-/he-date-1.2.2.tgz"
  "version" "1.2.2"

"kosher-zmanim@^0.7.1":
  "integrity" "sha512-elEK8HvE1/Ju2o1toFAYohu4HtPRfoe2X9h0Sgs7lnbZgXYDr44ghVqQ+nQG+zwX9bLA9OwxfvMiaeO/xHJ13w=="
  "resolved" "https://registry.npmjs.org/kosher-zmanim/-/kosher-zmanim-0.7.1.tgz"
  "version" "0.7.1"
  dependencies:
    "big.js" "^5.2.2"
    "luxon" "^1.22.0"
    "numeral" "^2.0.6"

"luxon@^1.22.0":
  "integrity" "sha512-hEgLurSH8kQRjY6i4YLey+mcKVAWXbDNlZRmM6AgWDJ1cY3atl8Ztf5wEY7VBReFbmGnwQPz7KYJblL8B2k0jQ=="
  "resolved" "https://registry.npmjs.org/luxon/-/luxon-1.25.0.tgz"
  "version" "1.25.0"

"numeral@^2.0.6":
  "integrity" "sha1-StCAk21EPCVhrtnyGX7//iX05QY="
  "resolved" "https://registry.npmjs.org/numeral/-/numeral-2.0.6.tgz"
  "version" "2.0.6"
